// !$*UTF8*$!
{
	archiveVersion = 1;
	classes = {
	};
	objectVersion = 56;
	objects = {

/* Begin PBXBuildFile section */
		C40837A42BFF4EEB00B7FF3B /* AccountView.swift in Sources */ = {isa = PBXBuildFile; fileRef = C40837A32BFF4EEB00B7FF3B /* AccountView.swift */; };
		C40837A62BFF515600B7FF3B /* MissionView.swift in Sources */ = {isa = PBXBuildFile; fileRef = C40837A52BFF515600B7FF3B /* MissionView.swift */; };
		C40837A82BFF519000B7FF3B /* FriendView.swift in Sources */ = {isa = PBXBuildFile; fileRef = C40837A72BFF518F00B7FF3B /* FriendView.swift */; };
		C40837AA2BFF58D400B7FF3B /* RoutineView.swift in Sources */ = {isa = PBXBuildFile; fileRef = C40837A92BFF58D400B7FF3B /* RoutineView.swift */; };
		C40837AD2C0442E100B7FF3B /* RecordView.swift in Sources */ = {isa = PBXBuildFile; fileRef = C40837AC2C0442E100B7FF3B /* RecordView.swift */; };
		C409C58C2BF5D3B600F55B32 /* HomeView.swift in Sources */ = {isa = PBXBuildFile; fileRef = C409C58B2BF5D3B600F55B32 /* HomeView.swift */; };
		C410627B2CC885B600B9BA24 /* AppDelegate.swift in Sources */ = {isa = PBXBuildFile; fileRef = C410627A2CC885B600B9BA24 /* AppDelegate.swift */; };
		C410627D2CC8EE3500B9BA24 /* alarm_sound.mp3 in Resources */ = {isa = PBXBuildFile; fileRef = C410627C2CC8EE3500B9BA24 /* alarm_sound.mp3 */; };
		C41BA3942D001D510035A88E /* LoginView.swift in Sources */ = {isa = PBXBuildFile; fileRef = C41BA3932D001D500035A88E /* LoginView.swift */; };
		C42C8DBB2C3774D5004B8ADC /* RoutineTimerView.swift in Sources */ = {isa = PBXBuildFile; fileRef = C42C8DBA2C3774D5004B8ADC /* RoutineTimerView.swift */; };
		C4461C942C0C48C700E15E26 /* EditAlarmView.swift in Sources */ = {isa = PBXBuildFile; fileRef = C4461C932C0C48C700E15E26 /* EditAlarmView.swift */; };
		C44DB3132BE20A820063F284 /* test_appApp.swift in Sources */ = {isa = PBXBuildFile; fileRef = C44DB3122BE20A820063F284 /* test_appApp.swift */; };
		C44DB3152BE20A820063F284 /* ContentView.swift in Sources */ = {isa = PBXBuildFile; fileRef = C44DB3142BE20A820063F284 /* ContentView.swift */; };
		C44DB3172BE20A830063F284 /* Assets.xcassets in Resources */ = {isa = PBXBuildFile; fileRef = C44DB3162BE20A830063F284 /* Assets.xcassets */; };
		C44DB31A2BE20A830063F284 /* Preview Assets.xcassets in Resources */ = {isa = PBXBuildFile; fileRef = C44DB3192BE20A830063F284 /* Preview Assets.xcassets */; };
		C471FC682D0FFF95006C718C /* EarlyRiseViewModel.swift in Sources */ = {isa = PBXBuildFile; fileRef = C471FC672D0FFF95006C718C /* EarlyRiseViewModel.swift */; };
		C475590D2D0BCFD1004FAC39 /* SoundPlayer.swift in Sources */ = {isa = PBXBuildFile; fileRef = C475590C2D0BCFD1004FAC39 /* SoundPlayer.swift */; };
		C475590F2D0BECDA004FAC39 /* AqourBallView.swift in Sources */ = {isa = PBXBuildFile; fileRef = C475590E2D0BECDA004FAC39 /* AqourBallView.swift */; };
		C47559112D0C2470004FAC39 /* PointViewModel.swift in Sources */ = {isa = PBXBuildFile; fileRef = C47559102D0C2470004FAC39 /* PointViewModel.swift */; };
		C47559172D0EF9A4004FAC39 /* RankingGroupView.swift in Sources */ = {isa = PBXBuildFile; fileRef = C47559162D0EF9A3004FAC39 /* RankingGroupView.swift */; };
		C47559192D0EFA53004FAC39 /* MissionGroupView.swift in Sources */ = {isa = PBXBuildFile; fileRef = C47559182D0EFA53004FAC39 /* MissionGroupView.swift */; };
		C475591D2D0F0712004FAC39 /* MissionViewModel.swift in Sources */ = {isa = PBXBuildFile; fileRef = C475591C2D0F0711004FAC39 /* MissionViewModel.swift */; };
		C475591F2D0F7CFA004FAC39 /* WakeUpTime.swift in Sources */ = {isa = PBXBuildFile; fileRef = C475591E2D0F7CFA004FAC39 /* WakeUpTime.swift */; };
		C47559212D0F8283004FAC39 /* MathQuizView.swift in Sources */ = {isa = PBXBuildFile; fileRef = C47559202D0F8283004FAC39 /* MathQuizView.swift */; };
		C497B8202D06055A00B7AFCB /* SignupView.swift in Sources */ = {isa = PBXBuildFile; fileRef = C497B81F2D06055A00B7AFCB /* SignupView.swift */; };
		C497B8242D063B4000B7AFCB /* UserModel.swift in Sources */ = {isa = PBXBuildFile; fileRef = C497B8232D063B4000B7AFCB /* UserModel.swift */; };
		C497B8262D085B6900B7AFCB /* AddFriendView.swift in Sources */ = {isa = PBXBuildFile; fileRef = C497B8252D085B6900B7AFCB /* AddFriendView.swift */; };
		C4BE408D2BF5144500BB58F6 /* AlarmView.swift in Sources */ = {isa = PBXBuildFile; fileRef = C4BE408C2BF5144500BB58F6 /* AlarmView.swift */; };
/* End PBXBuildFile section */

/* Begin PBXFileReference section */
		C40837A32BFF4EEB00B7FF3B /* AccountView.swift */ = {isa = PBXFileReference; lastKnownFileType = sourcecode.swift; path = AccountView.swift; sourceTree = "<group>"; };
		C40837A52BFF515600B7FF3B /* MissionView.swift */ = {isa = PBXFileReference; lastKnownFileType = sourcecode.swift; path = MissionView.swift; sourceTree = "<group>"; };
		C40837A72BFF518F00B7FF3B /* FriendView.swift */ = {isa = PBXFileReference; lastKnownFileType = sourcecode.swift; path = FriendView.swift; sourceTree = "<group>"; };
		C40837A92BFF58D400B7FF3B /* RoutineView.swift */ = {isa = PBXFileReference; lastKnownFileType = sourcecode.swift; path = RoutineView.swift; sourceTree = "<group>"; };
		C40837AC2C0442E100B7FF3B /* RecordView.swift */ = {isa = PBXFileReference; lastKnownFileType = sourcecode.swift; path = RecordView.swift; sourceTree = "<group>"; };
		C409C58B2BF5D3B600F55B32 /* HomeView.swift */ = {isa = PBXFileReference; lastKnownFileType = sourcecode.swift; path = HomeView.swift; sourceTree = "<group>"; };
		C410627A2CC885B600B9BA24 /* AppDelegate.swift */ = {isa = PBXFileReference; lastKnownFileType = sourcecode.swift; path = AppDelegate.swift; sourceTree = "<group>"; };
		C410627C2CC8EE3500B9BA24 /* alarm_sound.mp3 */ = {isa = PBXFileReference; lastKnownFileType = audio.mp3; path = alarm_sound.mp3; sourceTree = "<group>"; };
		C41BA3932D001D500035A88E /* LoginView.swift */ = {isa = PBXFileReference; lastKnownFileType = sourcecode.swift; path = LoginView.swift; sourceTree = "<group>"; };
		C42C8DBA2C3774D5004B8ADC /* RoutineTimerView.swift */ = {isa = PBXFileReference; lastKnownFileType = sourcecode.swift; path = RoutineTimerView.swift; sourceTree = "<group>"; };
		C4461C932C0C48C700E15E26 /* EditAlarmView.swift */ = {isa = PBXFileReference; lastKnownFileType = sourcecode.swift; path = EditAlarmView.swift; sourceTree = "<group>"; };
		C44DB30F2BE20A820063F284 /* test_app.app */ = {isa = PBXFileReference; explicitFileType = wrapper.application; includeInIndex = 0; path = test_app.app; sourceTree = BUILT_PRODUCTS_DIR; };
		C44DB3122BE20A820063F284 /* test_appApp.swift */ = {isa = PBXFileReference; lastKnownFileType = sourcecode.swift; path = test_appApp.swift; sourceTree = "<group>"; };
		C44DB3142BE20A820063F284 /* ContentView.swift */ = {isa = PBXFileReference; lastKnownFileType = sourcecode.swift; path = ContentView.swift; sourceTree = "<group>"; };
		C44DB3162BE20A830063F284 /* Assets.xcassets */ = {isa = PBXFileReference; lastKnownFileType = folder.assetcatalog; path = Assets.xcassets; sourceTree = "<group>"; };
		C44DB3192BE20A830063F284 /* Preview Assets.xcassets */ = {isa = PBXFileReference; lastKnownFileType = folder.assetcatalog; path = "Preview Assets.xcassets"; sourceTree = "<group>"; };
		C471FC672D0FFF95006C718C /* EarlyRiseViewModel.swift */ = {isa = PBXFileReference; lastKnownFileType = sourcecode.swift; path = EarlyRiseViewModel.swift; sourceTree = "<group>"; };
		C475590C2D0BCFD1004FAC39 /* SoundPlayer.swift */ = {isa = PBXFileReference; lastKnownFileType = sourcecode.swift; path = SoundPlayer.swift; sourceTree = "<group>"; };
		C475590E2D0BECDA004FAC39 /* AqourBallView.swift */ = {isa = PBXFileReference; lastKnownFileType = sourcecode.swift; path = AqourBallView.swift; sourceTree = "<group>"; };
		C47559102D0C2470004FAC39 /* PointViewModel.swift */ = {isa = PBXFileReference; lastKnownFileType = sourcecode.swift; path = PointViewModel.swift; sourceTree = "<group>"; };
		C47559162D0EF9A3004FAC39 /* RankingGroupView.swift */ = {isa = PBXFileReference; lastKnownFileType = sourcecode.swift; path = RankingGroupView.swift; sourceTree = "<group>"; };
		C47559182D0EFA53004FAC39 /* MissionGroupView.swift */ = {isa = PBXFileReference; lastKnownFileType = sourcecode.swift; path = MissionGroupView.swift; sourceTree = "<group>"; };
		C475591C2D0F0711004FAC39 /* MissionViewModel.swift */ = {isa = PBXFileReference; lastKnownFileType = sourcecode.swift; path = MissionViewModel.swift; sourceTree = "<group>"; };
		C475591E2D0F7CFA004FAC39 /* WakeUpTime.swift */ = {isa = PBXFileReference; lastKnownFileType = sourcecode.swift; path = WakeUpTime.swift; sourceTree = "<group>"; };
		C47559202D0F8283004FAC39 /* MathQuizView.swift */ = {isa = PBXFileReference; lastKnownFileType = sourcecode.swift; path = MathQuizView.swift; sourceTree = "<group>"; };
		C497B81F2D06055A00B7AFCB /* SignupView.swift */ = {isa = PBXFileReference; lastKnownFileType = sourcecode.swift; path = SignupView.swift; sourceTree = "<group>"; };
		C497B8232D063B4000B7AFCB /* UserModel.swift */ = {isa = PBXFileReference; lastKnownFileType = sourcecode.swift; path = UserModel.swift; sourceTree = "<group>"; };
		C497B8252D085B6900B7AFCB /* AddFriendView.swift */ = {isa = PBXFileReference; lastKnownFileType = sourcecode.swift; path = AddFriendView.swift; sourceTree = "<group>"; };
		C4BE408C2BF5144500BB58F6 /* AlarmView.swift */ = {isa = PBXFileReference; lastKnownFileType = sourcecode.swift; path = AlarmView.swift; sourceTree = "<group>"; };
/* End PBXFileReference section */

/* Begin PBXFrameworksBuildPhase section */
		C44DB30C2BE20A820063F284 /* Frameworks */ = {
			isa = PBXFrameworksBuildPhase;
			buildActionMask = 2147483647;
			files = (
			);
			runOnlyForDeploymentPostprocessing = 0;
		};
/* End PBXFrameworksBuildPhase section */

/* Begin PBXGroup section */
		C44DB3062BE20A810063F284 = {
			isa = PBXGroup;
			children = (
				C44DB3112BE20A820063F284 /* test_app */,
				C44DB3102BE20A820063F284 /* Products */,
			);
			sourceTree = "<group>";
		};
		C44DB3102BE20A820063F284 /* Products */ = {
			isa = PBXGroup;
			children = (
				C44DB30F2BE20A820063F284 /* test_app.app */,
			);
			name = Products;
			sourceTree = "<group>";
		};
		C44DB3112BE20A820063F284 /* test_app */ = {
			isa = PBXGroup;
			children = (
				C44DB3122BE20A820063F284 /* test_appApp.swift */,
				C44DB3142BE20A820063F284 /* ContentView.swift */,
				C41BA3932D001D500035A88E /* LoginView.swift */,
				C497B81F2D06055A00B7AFCB /* SignupView.swift */,
				C497B8252D085B6900B7AFCB /* AddFriendView.swift */,
				C42C8DBA2C3774D5004B8ADC /* RoutineTimerView.swift */,
				C40837A72BFF518F00B7FF3B /* FriendView.swift */,
				C4BE408C2BF5144500BB58F6 /* AlarmView.swift */,
				C475591E2D0F7CFA004FAC39 /* WakeUpTime.swift */,
				C47559202D0F8283004FAC39 /* MathQuizView.swift */,
				C4461C932C0C48C700E15E26 /* EditAlarmView.swift */,
				C410627A2CC885B600B9BA24 /* AppDelegate.swift */,
				C409C58B2BF5D3B600F55B32 /* HomeView.swift */,
				C475590E2D0BECDA004FAC39 /* AqourBallView.swift */,
				C475590C2D0BCFD1004FAC39 /* SoundPlayer.swift */,
				C40837A52BFF515600B7FF3B /* MissionView.swift */,
				C47559162D0EF9A3004FAC39 /* RankingGroupView.swift */,
				C47559182D0EFA53004FAC39 /* MissionGroupView.swift */,
				C475591C2D0F0711004FAC39 /* MissionViewModel.swift */,
				C40837A32BFF4EEB00B7FF3B /* AccountView.swift */,
				C47559102D0C2470004FAC39 /* PointViewModel.swift */,
				C497B8232D063B4000B7AFCB /* UserModel.swift */,
				C40837AC2C0442E100B7FF3B /* RecordView.swift */,
				C471FC672D0FFF95006C718C /* EarlyRiseViewModel.swift */,
				C40837A92BFF58D400B7FF3B /* RoutineView.swift */,
				C44DB3162BE20A830063F284 /* Assets.xcassets */,
				C44DB3182BE20A830063F284 /* Preview Content */,
			);
			path = test_app;
			sourceTree = "<group>";
		};
		C44DB3182BE20A830063F284 /* Preview Content */ = {
			isa = PBXGroup;
			children = (
				C410627C2CC8EE3500B9BA24 /* alarm_sound.mp3 */,
				C44DB3192BE20A830063F284 /* Preview Assets.xcassets */,
			);
			path = "Preview Content";
			sourceTree = "<group>";
		};
/* End PBXGroup section */

/* Begin PBXNativeTarget section */
		C44DB30E2BE20A820063F284 /* test_app */ = {
			isa = PBXNativeTarget;
			buildConfigurationList = C44DB31D2BE20A830063F284 /* Build configuration list for PBXNativeTarget "test_app" */;
			buildPhases = (
				C44DB30B2BE20A820063F284 /* Sources */,
				C44DB30C2BE20A820063F284 /* Frameworks */,
				C44DB30D2BE20A820063F284 /* Resources */,
			);
			buildRules = (
			);
			dependencies = (
			);
			name = test_app;
			productName = test_app;
			productReference = C44DB30F2BE20A820063F284 /* test_app.app */;
			productType = "com.apple.product-type.application";
		};
/* End PBXNativeTarget section */

/* Begin PBXProject section */
		C44DB3072BE20A810063F284 /* Project object */ = {
			isa = PBXProject;
			attributes = {
				BuildIndependentTargetsInParallel = 1;
				LastSwiftUpdateCheck = 1530;
				LastUpgradeCheck = 1530;
				TargetAttributes = {
					C44DB30E2BE20A820063F284 = {
						CreatedOnToolsVersion = 15.3;
					};
				};
			};
			buildConfigurationList = C44DB30A2BE20A810063F284 /* Build configuration list for PBXProject "test_app" */;
			compatibilityVersion = "Xcode 14.0";
			developmentRegion = en;
			hasScannedForEncodings = 0;
			knownRegions = (
				en,
				Base,
			);
			mainGroup = C44DB3062BE20A810063F284;
			productRefGroup = C44DB3102BE20A820063F284 /* Products */;
			projectDirPath = "";
			projectRoot = "";
			targets = (
				C44DB30E2BE20A820063F284 /* test_app */,
			);
		};
/* End PBXProject section */

/* Begin PBXResourcesBuildPhase section */
		C44DB30D2BE20A820063F284 /* Resources */ = {
			isa = PBXResourcesBuildPhase;
			buildActionMask = 2147483647;
			files = (
				C44DB31A2BE20A830063F284 /* Preview Assets.xcassets in Resources */,
				C410627D2CC8EE3500B9BA24 /* alarm_sound.mp3 in Resources */,
				C44DB3172BE20A830063F284 /* Assets.xcassets in Resources */,
			);
			runOnlyForDeploymentPostprocessing = 0;
		};
/* End PBXResourcesBuildPhase section */

/* Begin PBXSourcesBuildPhase section */
		C44DB30B2BE20A820063F284 /* Sources */ = {
			isa = PBXSourcesBuildPhase;
			buildActionMask = 2147483647;
			files = (
				C410627B2CC885B600B9BA24 /* AppDelegate.swift in Sources */,
				C40837A82BFF519000B7FF3B /* FriendView.swift in Sources */,
				C475590F2D0BECDA004FAC39 /* AqourBallView.swift in Sources */,
				C44DB3152BE20A820063F284 /* ContentView.swift in Sources */,
				C409C58C2BF5D3B600F55B32 /* HomeView.swift in Sources */,
				C4BE408D2BF5144500BB58F6 /* AlarmView.swift in Sources */,
				C44DB3132BE20A820063F284 /* test_appApp.swift in Sources */,
				C40837AA2BFF58D400B7FF3B /* RoutineView.swift in Sources */,
				C475591F2D0F7CFA004FAC39 /* WakeUpTime.swift in Sources */,
				C40837A42BFF4EEB00B7FF3B /* AccountView.swift in Sources */,
				C42C8DBB2C3774D5004B8ADC /* RoutineTimerView.swift in Sources */,
				C497B8202D06055A00B7AFCB /* SignupView.swift in Sources */,
				C497B8262D085B6900B7AFCB /* AddFriendView.swift in Sources */,
				C47559192D0EFA53004FAC39 /* MissionGroupView.swift in Sources */,
				C40837A62BFF515600B7FF3B /* MissionView.swift in Sources */,
				C41BA3942D001D510035A88E /* LoginView.swift in Sources */,
				C475591D2D0F0712004FAC39 /* MissionViewModel.swift in Sources */,
				C471FC682D0FFF95006C718C /* EarlyRiseViewModel.swift in Sources */,
				C4461C942C0C48C700E15E26 /* EditAlarmView.swift in Sources */,
				C47559172D0EF9A4004FAC39 /* RankingGroupView.swift in Sources */,
				C47559212D0F8283004FAC39 /* MathQuizView.swift in Sources */,
				C497B8242D063B4000B7AFCB /* UserModel.swift in Sources */,
				C47559112D0C2470004FAC39 /* PointViewModel.swift in Sources */,
				C475590D2D0BCFD1004FAC39 /* SoundPlayer.swift in Sources */,
				C40837AD2C0442E100B7FF3B /* RecordView.swift in Sources */,
			);
			runOnlyForDeploymentPostprocessing = 0;
		};
/* End PBXSourcesBuildPhase section */

/* Begin XCBuildConfiguration section */
		C44DB31B2BE20A830063F284 /* Debug */ = {
			isa = XCBuildConfiguration;
			buildSettings = {
				ALWAYS_SEARCH_USER_PATHS = NO;
				ASSETCATALOG_COMPILER_GENERATE_SWIFT_ASSET_SYMBOL_EXTENSIONS = YES;
				CLANG_ANALYZER_NONNULL = YES;
				CLANG_ANALYZER_NUMBER_OBJECT_CONVERSION = YES_AGGRESSIVE;
				CLANG_CXX_LANGUAGE_STANDARD = "gnu++20";
				CLANG_ENABLE_MODULES = YES;
				CLANG_ENABLE_OBJC_ARC = YES;
				CLANG_ENABLE_OBJC_WEAK = YES;
				CLANG_WARN_BLOCK_CAPTURE_AUTORELEASING = YES;
				CLANG_WARN_BOOL_CONVERSION = YES;
				CLANG_WARN_COMMA = YES;
				CLANG_WARN_CONSTANT_CONVERSION = YES;
				CLANG_WARN_DEPRECATED_OBJC_IMPLEMENTATIONS = YES;
				CLANG_WARN_DIRECT_OBJC_ISA_USAGE = YES_ERROR;
				CLANG_WARN_DOCUMENTATION_COMMENTS = YES;
				CLANG_WARN_EMPTY_BODY = YES;
				CLANG_WARN_ENUM_CONVERSION = YES;
				CLANG_WARN_INFINITE_RECURSION = YES;
				CLANG_WARN_INT_CONVERSION = YES;
				CLANG_WARN_NON_LITERAL_NULL_CONVERSION = YES;
				CLANG_WARN_OBJC_IMPLICIT_RETAIN_SELF = YES;
				CLANG_WARN_OBJC_LITERAL_CONVERSION = YES;
				CLANG_WARN_OBJC_ROOT_CLASS = YES_ERROR;
				CLANG_WARN_QUOTED_INCLUDE_IN_FRAMEWORK_HEADER = YES;
				CLANG_WARN_RANGE_LOOP_ANALYSIS = YES;
				CLANG_WARN_STRICT_PROTOTYPES = YES;
				CLANG_WARN_SUSPICIOUS_MOVE = YES;
				CLANG_WARN_UNGUARDED_AVAILABILITY = YES_AGGRESSIVE;
				CLANG_WARN_UNREACHABLE_CODE = YES;
				CLANG_WARN__DUPLICATE_METHOD_MATCH = YES;
				COPY_PHASE_STRIP = NO;
				DEBUG_INFORMATION_FORMAT = dwarf;
				ENABLE_STRICT_OBJC_MSGSEND = YES;
				ENABLE_TESTABILITY = YES;
				ENABLE_USER_SCRIPT_SANDBOXING = YES;
				GCC_C_LANGUAGE_STANDARD = gnu17;
				GCC_DYNAMIC_NO_PIC = NO;
				GCC_NO_COMMON_BLOCKS = YES;
				GCC_OPTIMIZATION_LEVEL = 0;
				GCC_PREPROCESSOR_DEFINITIONS = (
					"DEBUG=1",
					"$(inherited)",
				);
				GCC_WARN_64_TO_32_BIT_CONVERSION = YES;
				GCC_WARN_ABOUT_RETURN_TYPE = YES_ERROR;
				GCC_WARN_UNDECLARED_SELECTOR = YES;
				GCC_WARN_UNINITIALIZED_AUTOS = YES_AGGRESSIVE;
				GCC_WARN_UNUSED_FUNCTION = YES;
				GCC_WARN_UNUSED_VARIABLE = YES;
				IPHONEOS_DEPLOYMENT_TARGET = 17.4;
				LOCALIZATION_PREFERS_STRING_CATALOGS = YES;
				MTL_ENABLE_DEBUG_INFO = INCLUDE_SOURCE;
				MTL_FAST_MATH = YES;
				ONLY_ACTIVE_ARCH = YES;
				SDKROOT = iphoneos;
				SWIFT_ACTIVE_COMPILATION_CONDITIONS = "DEBUG $(inherited)";
				SWIFT_OPTIMIZATION_LEVEL = "-Onone";
			};
			name = Debug;
		};
		C44DB31C2BE20A830063F284 /* Release */ = {
			isa = XCBuildConfiguration;
			buildSettings = {
				ALWAYS_SEARCH_USER_PATHS = NO;
				ASSETCATALOG_COMPILER_GENERATE_SWIFT_ASSET_SYMBOL_EXTENSIONS = YES;
				CLANG_ANALYZER_NONNULL = YES;
				CLANG_ANALYZER_NUMBER_OBJECT_CONVERSION = YES_AGGRESSIVE;
				CLANG_CXX_LANGUAGE_STANDARD = "gnu++20";
				CLANG_ENABLE_MODULES = YES;
				CLANG_ENABLE_OBJC_ARC = YES;
				CLANG_ENABLE_OBJC_WEAK = YES;
				CLANG_WARN_BLOCK_CAPTURE_AUTORELEASING = YES;
				CLANG_WARN_BOOL_CONVERSION = YES;
				CLANG_WARN_COMMA = YES;
				CLANG_WARN_CONSTANT_CONVERSION = YES;
				CLANG_WARN_DEPRECATED_OBJC_IMPLEMENTATIONS = YES;
				CLANG_WARN_DIRECT_OBJC_ISA_USAGE = YES_ERROR;
				CLANG_WARN_DOCUMENTATION_COMMENTS = YES;
				CLANG_WARN_EMPTY_BODY = YES;
				CLANG_WARN_ENUM_CONVERSION = YES;
				CLANG_WARN_INFINITE_RECURSION = YES;
				CLANG_WARN_INT_CONVERSION = YES;
				CLANG_WARN_NON_LITERAL_NULL_CONVERSION = YES;
				CLANG_WARN_OBJC_IMPLICIT_RETAIN_SELF = YES;
				CLANG_WARN_OBJC_LITERAL_CONVERSION = YES;
				CLANG_WARN_OBJC_ROOT_CLASS = YES_ERROR;
				CLANG_WARN_QUOTED_INCLUDE_IN_FRAMEWORK_HEADER = YES;
				CLANG_WARN_RANGE_LOOP_ANALYSIS = YES;
				CLANG_WARN_STRICT_PROTOTYPES = YES;
				CLANG_WARN_SUSPICIOUS_MOVE = YES;
				CLANG_WARN_UNGUARDED_AVAILABILITY = YES_AGGRESSIVE;
				CLANG_WARN_UNREACHABLE_CODE = YES;
				CLANG_WARN__DUPLICATE_METHOD_MATCH = YES;
				COPY_PHASE_STRIP = NO;
				DEBUG_INFORMATION_FORMAT = "dwarf-with-dsym";
				ENABLE_NS_ASSERTIONS = NO;
				ENABLE_STRICT_OBJC_MSGSEND = YES;
				ENABLE_USER_SCRIPT_SANDBOXING = YES;
				GCC_C_LANGUAGE_STANDARD = gnu17;
				GCC_NO_COMMON_BLOCKS = YES;
				GCC_WARN_64_TO_32_BIT_CONVERSION = YES;
				GCC_WARN_ABOUT_RETURN_TYPE = YES_ERROR;
				GCC_WARN_UNDECLARED_SELECTOR = YES;
				GCC_WARN_UNINITIALIZED_AUTOS = YES_AGGRESSIVE;
				GCC_WARN_UNUSED_FUNCTION = YES;
				GCC_WARN_UNUSED_VARIABLE = YES;
				IPHONEOS_DEPLOYMENT_TARGET = 17.4;
				LOCALIZATION_PREFERS_STRING_CATALOGS = YES;
				MTL_ENABLE_DEBUG_INFO = NO;
				MTL_FAST_MATH = YES;
				SDKROOT = iphoneos;
				SWIFT_COMPILATION_MODE = wholemodule;
				VALIDATE_PRODUCT = YES;
			};
			name = Release;
		};
		C44DB31E2BE20A830063F284 /* Debug */ = {
			isa = XCBuildConfiguration;
			buildSettings = {
				ASSETCATALOG_COMPILER_APPICON_NAME = AppIcon;
				ASSETCATALOG_COMPILER_GLOBAL_ACCENT_COLOR_NAME = AccentColor;
				CODE_SIGN_STYLE = Automatic;
				CURRENT_PROJECT_VERSION = 1;
				DEVELOPMENT_ASSET_PATHS = "\"test_app/Preview Content\"";
				ENABLE_PREVIEWS = YES;
				GENERATE_INFOPLIST_FILE = YES;
				INFOPLIST_KEY_UIApplicationSceneManifest_Generation = YES;
				INFOPLIST_KEY_UIApplicationSupportsIndirectInputEvents = YES;
				INFOPLIST_KEY_UILaunchScreen_Generation = YES;
				INFOPLIST_KEY_UISupportedInterfaceOrientations_iPad = "UIInterfaceOrientationPortrait UIInterfaceOrientationPortraitUpsideDown UIInterfaceOrientationLandscapeLeft UIInterfaceOrientationLandscapeRight";
				INFOPLIST_KEY_UISupportedInterfaceOrientations_iPhone = "UIInterfaceOrientationPortrait UIInterfaceOrientationLandscapeLeft UIInterfaceOrientationLandscapeRight";
				LD_RUNPATH_SEARCH_PATHS = (
					"$(inherited)",
					"@executable_path/Frameworks",
				);
				MARKETING_VERSION = 1.0;
				PRODUCT_BUNDLE_IDENTIFIER = "jp.ac.okiu.test-app";
				PRODUCT_NAME = "$(TARGET_NAME)";
				SWIFT_EMIT_LOC_STRINGS = YES;
				SWIFT_VERSION = 5.0;
				TARGETED_DEVICE_FAMILY = "1,2";
			};
			name = Debug;
		};
		C44DB31F2BE20A830063F284 /* Release */ = {
			isa = XCBuildConfiguration;
			buildSettings = {
				ASSETCATALOG_COMPILER_APPICON_NAME = AppIcon;
				ASSETCATALOG_COMPILER_GLOBAL_ACCENT_COLOR_NAME = AccentColor;
				CODE_SIGN_STYLE = Automatic;
				CURRENT_PROJECT_VERSION = 1;
				DEVELOPMENT_ASSET_PATHS = "\"test_app/Preview Content\"";
				ENABLE_PREVIEWS = YES;
				GENERATE_INFOPLIST_FILE = YES;
				INFOPLIST_KEY_UIApplicationSceneManifest_Generation = YES;
				INFOPLIST_KEY_UIApplicationSupportsIndirectInputEvents = YES;
				INFOPLIST_KEY_UILaunchScreen_Generation = YES;
				INFOPLIST_KEY_UISupportedInterfaceOrientations_iPad = "UIInterfaceOrientationPortrait UIInterfaceOrientationPortraitUpsideDown UIInterfaceOrientationLandscapeLeft UIInterfaceOrientationLandscapeRight";
				INFOPLIST_KEY_UISupportedInterfaceOrientations_iPhone = "UIInterfaceOrientationPortrait UIInterfaceOrientationLandscapeLeft UIInterfaceOrientationLandscapeRight";
				LD_RUNPATH_SEARCH_PATHS = (
					"$(inherited)",
					"@executable_path/Frameworks",
				);
				MARKETING_VERSION = 1.0;
				PRODUCT_BUNDLE_IDENTIFIER = "jp.ac.okiu.test-app";
				PRODUCT_NAME = "$(TARGET_NAME)";
				SWIFT_EMIT_LOC_STRINGS = YES;
				SWIFT_VERSION = 5.0;
				TARGETED_DEVICE_FAMILY = "1,2";
			};
			name = Release;
		};
/* End XCBuildConfiguration section */

/* Begin XCConfigurationList section */
		C44DB30A2BE20A810063F284 /* Build configuration list for PBXProject "test_app" */ = {
			isa = XCConfigurationList;
			buildConfigurations = (
				C44DB31B2BE20A830063F284 /* Debug */,
				C44DB31C2BE20A830063F284 /* Release */,
			);
			defaultConfigurationIsVisible = 0;
			defaultConfigurationName = Release;
		};
		C44DB31D2BE20A830063F284 /* Build configuration list for PBXNativeTarget "test_app" */ = {
			isa = XCConfigurationList;
			buildConfigurations = (
				C44DB31E2BE20A830063F284 /* Debug */,
				C44DB31F2BE20A830063F284 /* Release */,
			);
			defaultConfigurationIsVisible = 0;
			defaultConfigurationName = Release;
		};
/* End XCConfigurationList section */
	};
	rootObject = C44DB3072BE20A810063F284 /* Project object */;
}
